
Microsoft Visual Studio Solution File, Format Version 12.00
# Visual Studio Version 17
VisualStudioVersion = 17.2.32516.85
MinimumVisualStudioVersion = 10.0.40219.1
Project("{FAE04EC0-301F-11D3-BF4B-00C04F79EFBC}") = "AjoibotBio", "AjoibotBio\AjoibotBio.csproj", "{8036544A-4AD1-45BA-B33E-45068714BC59}"
EndProject
Project("{FAE04EC0-301F-11D3-BF4B-00C04F79EFBC}") = "ZKFaceId", "ZKFaceId\ZKFaceId.csproj", "{334C8755-94A2-4F37-B1BB-E32C64391A89}"
EndProject
Global
	GlobalSection(SolutionConfigurationPlatforms) = preSolution
		Debug|Any CPU = Debug|Any CPU
		Release|Any CPU = Release|Any CPU
	EndGlobalSection
	GlobalSection(ProjectConfigurationPlatforms) = postSolution
		{8036544A-4AD1-45BA-B33E-45068714BC59}.Debug|Any CPU.ActiveCfg = Debug|Any CPU
		{8036544A-4AD1-45BA-B33E-45068714BC59}.Debug|Any CPU.Build.0 = Debug|Any CPU
		{8036544A-4AD1-45BA-B33E-45068714BC59}.Release|Any CPU.ActiveCfg = Release|Any CPU
		{8036544A-4AD1-45BA-B33E-45068714BC59}.Release|Any CPU.Build.0 = Release|Any CPU
		{334C8755-94A2-4F37-B1BB-E32C64391A89}.Debug|Any CPU.ActiveCfg = Debug|Any CPU
		{334C8755-94A2-4F37-B1BB-E32C64391A89}.Debug|Any CPU.Build.0 = Debug|Any CPU
		{334C8755-94A2-4F37-B1BB-E32C64391A89}.Release|Any CPU.ActiveCfg = Release|Any CPU
		{334C8755-94A2-4F37-B1BB-E32C64391A89}.Release|Any CPU.Build.0 = Release|Any CPU
	EndGlobalSection
	GlobalSection(SolutionProperties) = preSolution
		HideSolutionNode = FALSE
	EndGlobalSection
	GlobalSection(ExtensibilityGlobals) = postSolution
		SolutionGuid = {9823DD4A-DFB4-4767-B937-F24EA6C7D541}
	EndGlobalSection
EndGlobal
